{
  "name": "origin",
  "version": "1.0.0",
  "lockfileVersion": 2,
  "requires": true,
  "packages": {
    "": {
      "version": "1.0.0",
      "license": "ISC",
      "dependencies": {
        "gun": "^0.2020.1232"
      }
    },
    "node_modules/@peculiar/asn1-schema": {
      "version": "2.0.36",
      "resolved": "https://registry.nlark.com/@peculiar/asn1-schema/download/@peculiar/asn1-schema-2.0.36.tgz",
      "integrity": "sha1-ynl49D/6TzX7t0Q2w/mDwQpprCc=",
      "optional": true,
      "dependencies": {
        "@types/asn1js": "^2.0.0",
        "asn1js": "^2.1.1",
        "pvtsutils": "^1.1.7",
        "tslib": "^2.2.0"
      }
    },
    "node_modules/@peculiar/json-schema": {
      "version": "1.1.12",
      "resolved": "https://registry.npm.taobao.org/@peculiar/json-schema/download/@peculiar/json-schema-1.1.12.tgz",
      "integrity": "sha1-/mHoUlnjtbpa1WbLYsp1s9PNUzk=",
      "optional": true,
      "dependencies": {
        "tslib": "^2.0.0"
      },
      "engines": {
        "node": ">=8.0.0"
      }
    },
    "node_modules/@peculiar/webcrypto": {
      "version": "1.1.7",
      "resolved": "https://registry.nlark.com/@peculiar/webcrypto/download/@peculiar/webcrypto-1.1.7.tgz",
      "integrity": "sha1-/wIAhhLmerfMKpL84Ep/DioEtxw=",
      "optional": true,
      "dependencies": {
        "@peculiar/asn1-schema": "^2.0.32",
        "@peculiar/json-schema": "^1.1.12",
        "pvtsutils": "^1.1.6",
        "tslib": "^2.2.0",
        "webcrypto-core": "^1.2.0"
      },
      "engines": {
        "node": ">=10.12.0"
      }
    },
    "node_modules/@types/asn1js": {
      "version": "2.0.0",
      "resolved": "https://registry.nlark.com/@types/asn1js/download/@types/asn1js-2.0.0.tgz",
      "integrity": "sha1-EMp1aSV1dE0BFwmBSKjchMvuZoI=",
      "optional": true
    },
    "node_modules/addressparser": {
      "version": "0.3.2",
      "resolved": "https://registry.npm.taobao.org/addressparser/download/addressparser-0.3.2.tgz",
      "integrity": "sha1-WYc/Nej89sc2HBAjkmHXbhU0i7I=",
      "optional": true
    },
    "node_modules/asn1js": {
      "version": "2.1.1",
      "resolved": "https://registry.nlark.com/asn1js/download/asn1js-2.1.1.tgz",
      "integrity": "sha1-uziWGR67X7HK7ac0NqbG4gou7f8=",
      "optional": true,
      "dependencies": {
        "pvutils": "latest"
      },
      "engines": {
        "node": ">=6.0.0"
      }
    },
    "node_modules/base64-js": {
      "version": "1.5.1",
      "resolved": "https://registry.npm.taobao.org/base64-js/download/base64-js-1.5.1.tgz",
      "integrity": "sha1-GxtEAWClv3rUC2UPCVljSBkDkwo=",
      "optional": true
    },
    "node_modules/buffer": {
      "version": "5.7.1",
      "resolved": "https://registry.npm.taobao.org/buffer/download/buffer-5.7.1.tgz?cache=0&sync_timestamp=1606098159535&other_urls=https%3A%2F%2Fregistry.npm.taobao.org%2Fbuffer%2Fdownload%2Fbuffer-5.7.1.tgz",
      "integrity": "sha1-umLnwTEzBTWCGXFghRqPZI6Z7tA=",
      "optional": true,
      "dependencies": {
        "base64-js": "^1.3.1",
        "ieee754": "^1.1.13"
      }
    },
    "node_modules/bufferutil": {
      "version": "4.0.3",
      "resolved": "https://registry.npm.taobao.org/bufferutil/download/bufferutil-4.0.3.tgz?cache=0&sync_timestamp=1609618802475&other_urls=https%3A%2F%2Fregistry.npm.taobao.org%2Fbufferutil%2Fdownload%2Fbufferutil-4.0.3.tgz",
      "integrity": "sha1-ZnJLdWvtI818KMTTBteZT5lDzGs=",
      "hasInstallScript": true,
      "peer": true,
      "dependencies": {
        "node-gyp-build": "^4.2.0"
      }
    },
    "node_modules/emailjs": {
      "version": "2.2.0",
      "resolved": "https://registry.npm.taobao.org/emailjs/download/emailjs-2.2.0.tgz",
      "integrity": "sha1-ulsj5KSwpFEPZS6HOxVOlAe2ygM=",
      "optional": true,
      "dependencies": {
        "addressparser": "^0.3.2",
        "emailjs-mime-codec": "^2.0.7"
      }
    },
    "node_modules/emailjs-base64": {
      "version": "1.1.4",
      "resolved": "https://registry.npm.taobao.org/emailjs-base64/download/emailjs-base64-1.1.4.tgz",
      "integrity": "sha1-OS+jjLaqNdzNOvNjf/wUwcfOlhI=",
      "optional": true
    },
    "node_modules/emailjs-mime-codec": {
      "version": "2.0.9",
      "resolved": "https://registry.npm.taobao.org/emailjs-mime-codec/download/emailjs-mime-codec-2.0.9.tgz",
      "integrity": "sha1-0YRFG28uVcWGiw8KgtGP4rgvDJc=",
      "optional": true,
      "dependencies": {
        "emailjs-base64": "^1.1.4",
        "ramda": "^0.26.1",
        "text-encoding": "^0.7.0"
      }
    },
    "node_modules/gun": {
      "version": "0.2020.1232",
      "resolved": "https://registry.nlark.com/gun/download/gun-0.2020.1232.tgz",
      "integrity": "sha1-OnXroMXx6jvS5J7l2PAjgeMQydI=",
      "dependencies": {
        "ws": "^7.2.1"
      },
      "engines": {
        "node": ">=0.8.4"
      },
      "optionalDependencies": {
        "@peculiar/webcrypto": "^1.1.1",
        "buffer": "^5.4.3",
        "emailjs": "^2.2.0",
        "text-encoding": "^0.7.0"
      },
      "peerDependencies": {
        "bufferutil": "^4.0.1",
        "text-encoding": "^0.7.0",
        "utf-8-validate": "^5.0.2"
      }
    },
    "node_modules/ieee754": {
      "version": "1.2.1",
      "resolved": "https://registry.npm.taobao.org/ieee754/download/ieee754-1.2.1.tgz",
      "integrity": "sha1-jrehCmP/8l0VpXsAFYbRd9Gw01I=",
      "optional": true
    },
    "node_modules/node-gyp-build": {
      "version": "4.2.3",
      "resolved": "https://registry.npm.taobao.org/node-gyp-build/download/node-gyp-build-4.2.3.tgz",
      "integrity": "sha1-zmJ3+FODX3GIKe+0fbIPPk2cRzk=",
      "peer": true,
      "bin": {
        "node-gyp-build": "bin.js",
        "node-gyp-build-optional": "optional.js",
        "node-gyp-build-test": "build-test.js"
      }
    },
    "node_modules/pvtsutils": {
      "version": "1.1.7",
      "resolved": "https://registry.nlark.com/pvtsutils/download/pvtsutils-1.1.7.tgz",
      "integrity": "sha1-OaZcyzt0SMl09qYUHOKq0Dez8Tw=",
      "optional": true,
      "dependencies": {
        "tslib": "^2.2.0"
      }
    },
    "node_modules/pvutils": {
      "version": "1.0.17",
      "resolved": "https://registry.npm.taobao.org/pvutils/download/pvutils-1.0.17.tgz",
      "integrity": "sha1-rePHTf5xeJRP5EgGYmvS4knZlr8=",
      "optional": true,
      "engines": {
        "node": ">=6.0.0"
      }
    },
    "node_modules/ramda": {
      "version": "0.26.1",
      "resolved": "https://registry.npm.taobao.org/ramda/download/ramda-0.26.1.tgz",
      "integrity": "sha1-jUE1HrgRHFU1Nhf8O7/62OTTXQY=",
      "optional": true
    },
    "node_modules/text-encoding": {
      "version": "0.7.0",
      "resolved": "https://registry.npm.taobao.org/text-encoding/download/text-encoding-0.7.0.tgz",
      "integrity": "sha1-+JXoNuRZkGJAhmAXmOqY6PNu5kM=",
      "deprecated": "no longer maintained",
      "optional": true
    },
    "node_modules/tslib": {
      "version": "2.2.0",
      "resolved": "https://registry.nlark.com/tslib/download/tslib-2.2.0.tgz?cache=0&sync_timestamp=1618847298334&other_urls=https%3A%2F%2Fregistry.nlark.com%2Ftslib%2Fdownload%2Ftslib-2.2.0.tgz",
      "integrity": "sha1-+yxHWXfjXiQTEe3iaTzuHsZpj1w=",
      "optional": true
    },
    "node_modules/utf-8-validate": {
      "version": "5.0.5",
      "resolved": "https://registry.nlark.com/utf-8-validate/download/utf-8-validate-5.0.5.tgz?cache=0&sync_timestamp=1620067993025&other_urls=https%3A%2F%2Fregistry.nlark.com%2Futf-8-validate%2Fdownload%2Futf-8-validate-5.0.5.tgz",
      "integrity": "sha1-3TLC6CxyAC3J8C62e6Z2H0NFbKE=",
      "hasInstallScript": true,
      "peer": true,
      "dependencies": {
        "node-gyp-build": "^4.2.0"
      }
    },
    "node_modules/webcrypto-core": {
      "version": "1.2.0",
      "resolved": "https://registry.npm.taobao.org/webcrypto-core/download/webcrypto-core-1.2.0.tgz",
      "integrity": "sha1-RP2j+TFe1u/+mh5HRm4JNTJ3M7U=",
      "optional": true,
      "dependencies": {
        "@peculiar/asn1-schema": "^2.0.27",
        "@peculiar/json-schema": "^1.1.12",
        "asn1js": "^2.0.26",
        "pvtsutils": "^1.1.2",
        "tslib": "^2.1.0"
      }
    },
    "node_modules/ws": {
      "version": "7.4.6",
      "resolved": "https://registry.nlark.com/ws/download/ws-7.4.6.tgz",
      "integrity": "sha1-VlTKjs3u5HwzqaS/bSjivimAN3w=",
      "engines": {
        "node": ">=8.3.0"
      },
      "peerDependencies": {
        "bufferutil": "^4.0.1",
        "utf-8-validate": "^5.0.2"
      }
    }
  },
  "dependencies": {
    "@peculiar/asn1-schema": {
      "version": "2.0.36",
      "resolved": "https://registry.nlark.com/@peculiar/asn1-schema/download/@peculiar/asn1-schema-2.0.36.tgz",
      "integrity": "sha1-ynl49D/6TzX7t0Q2w/mDwQpprCc=",
      "optional": true,
      "requires": {
        "@types/asn1js": "^2.0.0",
        "asn1js": "^2.1.1",
        "pvtsutils": "^1.1.7",
        "tslib": "^2.2.0"
      }
    },
    "@peculiar/json-schema": {
      "version": "1.1.12",
      "resolved": "https://registry.npm.taobao.org/@peculiar/json-schema/download/@peculiar/json-schema-1.1.12.tgz",
      "integrity": "sha1-/mHoUlnjtbpa1WbLYsp1s9PNUzk=",
      "optional": true,
      "requires": {
        "tslib": "^2.0.0"
      }
    },
    "@peculiar/webcrypto": {
      "version": "1.1.7",
      "resolved": "https://registry.nlark.com/@peculiar/webcrypto/download/@peculiar/webcrypto-1.1.7.tgz",
      "integrity": "sha1-/wIAhhLmerfMKpL84Ep/DioEtxw=",
      "optional": true,
      "requires": {
        "@peculiar/asn1-schema": "^2.0.32",
        "@peculiar/json-schema": "^1.1.12",
        "pvtsutils": "^1.1.6",
        "tslib": "^2.2.0",
        "webcrypto-core": "^1.2.0"
      }
    },
    "@types/asn1js": {
      "version": "2.0.0",
      "resolved": "https://registry.nlark.com/@types/asn1js/download/@types/asn1js-2.0.0.tgz",
      "integrity": "sha1-EMp1aSV1dE0BFwmBSKjchMvuZoI=",
      "optional": true
    },
    "addressparser": {
      "version": "0.3.2",
      "resolved": "https://registry.npm.taobao.org/addressparser/download/addressparser-0.3.2.tgz",
      "integrity": "sha1-WYc/Nej89sc2HBAjkmHXbhU0i7I=",
      "optional": true
    },
    "asn1js": {
      "version": "2.1.1",
      "resolved": "https://registry.nlark.com/asn1js/download/asn1js-2.1.1.tgz",
      "integrity": "sha1-uziWGR67X7HK7ac0NqbG4gou7f8=",
      "optional": true,
      "requires": {
        "pvutils": "latest"
      }
    },
    "base64-js": {
      "version": "1.5.1",
      "resolved": "https://registry.npm.taobao.org/base64-js/download/base64-js-1.5.1.tgz",
      "integrity": "sha1-GxtEAWClv3rUC2UPCVljSBkDkwo=",
      "optional": true
    },
    "buffer": {
      "version": "5.7.1",
      "resolved": "https://registry.npm.taobao.org/buffer/download/buffer-5.7.1.tgz?cache=0&sync_timestamp=1606098159535&other_urls=https%3A%2F%2Fregistry.npm.taobao.org%2Fbuffer%2Fdownload%2Fbuffer-5.7.1.tgz",
      "integrity": "sha1-umLnwTEzBTWCGXFghRqPZI6Z7tA=",
      "optional": true,
      "requires": {
        "base64-js": "^1.3.1",
        "ieee754": "^1.1.13"
      }
    },
    "bufferutil": {
      "version": "4.0.3",
      "resolved": "https://registry.npm.taobao.org/bufferutil/download/bufferutil-4.0.3.tgz?cache=0&sync_timestamp=1609618802475&other_urls=https%3A%2F%2Fregistry.npm.taobao.org%2Fbufferutil%2Fdownload%2Fbufferutil-4.0.3.tgz",
      "integrity": "sha1-ZnJLdWvtI818KMTTBteZT5lDzGs=",
      "peer": true,
      "requires": {
        "node-gyp-build": "^4.2.0"
      }
    },
    "emailjs": {
      "version": "2.2.0",
      "resolved": "https://registry.npm.taobao.org/emailjs/download/emailjs-2.2.0.tgz",
      "integrity": "sha1-ulsj5KSwpFEPZS6HOxVOlAe2ygM=",
      "optional": true,
      "requires": {
        "addressparser": "^0.3.2",
        "emailjs-mime-codec": "^2.0.7"
      }
    },
    "emailjs-base64": {
      "version": "1.1.4",
      "resolved": "https://registry.npm.taobao.org/emailjs-base64/download/emailjs-base64-1.1.4.tgz",
      "integrity": "sha1-OS+jjLaqNdzNOvNjf/wUwcfOlhI=",
      "optional": true
    },
    "emailjs-mime-codec": {
      "version": "2.0.9",
      "resolved": "https://registry.npm.taobao.org/emailjs-mime-codec/download/emailjs-mime-codec-2.0.9.tgz",
      "integrity": "sha1-0YRFG28uVcWGiw8KgtGP4rgvDJc=",
      "optional": true,
      "requires": {
        "emailjs-base64": "^1.1.4",
        "ramda": "^0.26.1",
        "text-encoding": "^0.7.0"
      }
    },
    "gun": {
      "version": "0.2020.1232",
      "resolved": "https://registry.nlark.com/gun/download/gun-0.2020.1232.tgz",
      "integrity": "sha1-OnXroMXx6jvS5J7l2PAjgeMQydI=",
      "requires": {
        "@peculiar/webcrypto": "^1.1.1",
        "buffer": "^5.4.3",
        "emailjs": "^2.2.0",
        "text-encoding": "^0.7.0",
        "ws": "^7.2.1"
      }
    },
    "ieee754": {
      "version": "1.2.1",
      "resolved": "https://registry.npm.taobao.org/ieee754/download/ieee754-1.2.1.tgz",
      "integrity": "sha1-jrehCmP/8l0VpXsAFYbRd9Gw01I=",
      "optional": true
    },
    "node-gyp-build": {
      "version": "4.2.3",
      "resolved": "https://registry.npm.taobao.org/node-gyp-build/download/node-gyp-build-4.2.3.tgz",
      "integrity": "sha1-zmJ3+FODX3GIKe+0fbIPPk2cRzk=",
      "peer": true
    },
    "pvtsutils": {
      "version": "1.1.7",
      "resolved": "https://registry.nlark.com/pvtsutils/download/pvtsutils-1.1.7.tgz",
      "integrity": "sha1-OaZcyzt0SMl09qYUHOKq0Dez8Tw=",
      "optional": true,
      "requires": {
        "tslib": "^2.2.0"
      }
    },
    "pvutils": {
      "version": "1.0.17",
      "resolved": "https://registry.npm.taobao.org/pvutils/download/pvutils-1.0.17.tgz",
      "integrity": "sha1-rePHTf5xeJRP5EgGYmvS4knZlr8=",
      "optional": true
    },
    "ramda": {
      "version": "0.26.1",
      "resolved": "https://registry.npm.taobao.org/ramda/download/ramda-0.26.1.tgz",
      "integrity": "sha1-jUE1HrgRHFU1Nhf8O7/62OTTXQY=",
      "optional": true
    },
    "text-encoding": {
      "version": "0.7.0",
      "resolved": "https://registry.npm.taobao.org/text-encoding/download/text-encoding-0.7.0.tgz",
      "integrity": "sha1-+JXoNuRZkGJAhmAXmOqY6PNu5kM=",
      "optional": true
    },
    "tslib": {
      "version": "2.2.0",
      "resolved": "https://registry.nlark.com/tslib/download/tslib-2.2.0.tgz?cache=0&sync_timestamp=1618847298334&other_urls=https%3A%2F%2Fregistry.nlark.com%2Ftslib%2Fdownload%2Ftslib-2.2.0.tgz",
      "integrity": "sha1-+yxHWXfjXiQTEe3iaTzuHsZpj1w=",
      "optional": true
    },
    "utf-8-validate": {
      "version": "5.0.5",
      "resolved": "https://registry.nlark.com/utf-8-validate/download/utf-8-validate-5.0.5.tgz?cache=0&sync_timestamp=1620067993025&other_urls=https%3A%2F%2Fregistry.nlark.com%2Futf-8-validate%2Fdownload%2Futf-8-validate-5.0.5.tgz",
      "integrity": "sha1-3TLC6CxyAC3J8C62e6Z2H0NFbKE=",
      "peer": true,
      "requires": {
        "node-gyp-build": "^4.2.0"
      }
    },
    "webcrypto-core": {
      "version": "1.2.0",
      "resolved": "https://registry.npm.taobao.org/webcrypto-core/download/webcrypto-core-1.2.0.tgz",
      "integrity": "sha1-RP2j+TFe1u/+mh5HRm4JNTJ3M7U=",
      "optional": true,
      "requires": {
        "@peculiar/asn1-schema": "^2.0.27",
        "@peculiar/json-schema": "^1.1.12",
        "asn1js": "^2.0.26",
        "pvtsutils": "^1.1.2",
        "tslib": "^2.1.0"
      }
    },
    "ws": {
      "version": "7.4.6",
      "resolved": "https://registry.nlark.com/ws/download/ws-7.4.6.tgz",
      "integrity": "sha1-VlTKjs3u5HwzqaS/bSjivimAN3w=",
      "requires": {}
    }
  }
}
